<?xml version="1.0" encoding="utf-8"?>
<Project ToolsVersion="4.0" xmlns="http://schemas.microsoft.com/developer/msbuild/2003">
  <ItemGroup>
    <Filter Include="Source Files">
      <UniqueIdentifier>{4FC737F1-C7A5-4376-A066-2A32D752A2FF}</UniqueIdentifier>
      <Extensions>cpp;c;cc;cxx;c++;cppm;ixx;def;odl;idl;hpj;bat;asm;asmx</Extensions>
    </Filter>
    <Filter Include="Header Files">
      <UniqueIdentifier>{93995380-89BD-4b04-88EB-625FBE52EBFB}</UniqueIdentifier>
      <Extensions>h;hh;hpp;hxx;h++;hm;inl;inc;ipp;xsd</Extensions>
    </Filter>
    <Filter Include="Resource Files">
      <UniqueIdentifier>{67DA6AB6-F800-4c08-8B7A-83BB121AAD01}</UniqueIdentifier>
      <Extensions>rc;ico;cur;bmp;dlg;rc2;rct;bin;rgs;gif;jpg;jpeg;jpe;resx;tiff;tif;png;wav;mfcribbon-ms</Extensions>
    </Filter>
  </ItemGroup>
  <ItemGroup>
    <None Include="_misc\FatLibrary.cd" />
    <None Include="_misc\FatCodex\FatRules.ruleset" />
  </ItemGroup>
  <ItemGroup>
    <Text Include="_misc\notes.txt" />
    <Text Include="Win32_\_notes.txt" />
  </ItemGroup>
  <ItemGroup>
    <ClInclude Include="Graph\include\BFS.hpp">
      <Filter>Header Files</Filter>
    </ClInclude>
    <ClInclude Include="Graph\include\DFS.hpp">
      <Filter>Header Files</Filter>
    </ClInclude>
    <ClInclude Include="Graph\Graph.hpp">
      <Filter>Header Files</Filter>
    </ClInclude>
    <ClInclude Include="Algorithm\include\Searching.hpp">
      <Filter>Header Files</Filter>
    </ClInclude>
    <ClInclude Include="Algorithm\include\Sorting.hpp">
      <Filter>Header Files</Filter>
    </ClInclude>
    <ClInclude Include="Algorithm\Algorithm.hpp">
      <Filter>Header Files</Filter>
    </ClInclude>
    <ClInclude Include="Automata\include\CFG.hpp">
      <Filter>Header Files</Filter>
    </ClInclude>
    <ClInclude Include="Automata\include\TLT.hpp">
      <Filter>Header Files</Filter>
    </ClInclude>
    <ClInclude Include="Automata\include\TLT_v2.hpp">
      <Filter>Header Files</Filter>
    </ClInclude>
    <ClInclude Include="Automata\Automata.hpp">
      <Filter>Header Files</Filter>
    </ClInclude>
    <ClInclude Include="Bit\Bit.hpp">
      <Filter>Header Files</Filter>
    </ClInclude>
    <ClInclude Include="Concurrency\include\TaskQueue.hpp">
      <Filter>Header Files</Filter>
    </ClInclude>
    <ClInclude Include="Concurrency\Concurrency.hpp">
      <Filter>Header Files</Filter>
    </ClInclude>
    <ClInclude Include="Cryptography\include\XorCipher.hpp">
      <Filter>Header Files</Filter>
    </ClInclude>
    <ClInclude Include="Cryptography\Cryptography.hpp">
      <Filter>Header Files</Filter>
    </ClInclude>
    <ClInclude Include="Graph\include\DirectedGraph.hpp">
      <Filter>Header Files</Filter>
    </ClInclude>
    <ClInclude Include="DSA\LinkedList\include\Doubly.hpp">
      <Filter>Header Files</Filter>
    </ClInclude>
    <ClInclude Include="DSA\LinkedList\include\DoublyCircular.hpp">
      <Filter>Header Files</Filter>
    </ClInclude>
    <ClInclude Include="DSA\LinkedList\include\Singly.hpp">
      <Filter>Header Files</Filter>
    </ClInclude>
    <ClInclude Include="DSA\LinkedList\include\SinglyCircular.hpp">
      <Filter>Header Files</Filter>
    </ClInclude>
    <ClInclude Include="DSA\LinkedList\LinkedList.hpp">
      <Filter>Header Files</Filter>
    </ClInclude>
    <ClInclude Include="DSA\Tree\include\AVL.hpp">
      <Filter>Header Files</Filter>
    </ClInclude>
    <ClInclude Include="DSA\Tree\include\B.hpp">
      <Filter>Header Files</Filter>
    </ClInclude>
    <ClInclude Include="DSA\Tree\include\B_Plus.hpp">
      <Filter>Header Files</Filter>
    </ClInclude>
    <ClInclude Include="DSA\Tree\include\BST.hpp">
      <Filter>Header Files</Filter>
    </ClInclude>
    <ClInclude Include="DSA\Tree\include\IPR.hpp">
      <Filter>Header Files</Filter>
    </ClInclude>
    <ClInclude Include="DSA\Tree\Tree.hpp">
      <Filter>Header Files</Filter>
    </ClInclude>
    <ClInclude Include="DSA\DSA.hpp">
      <Filter>Header Files</Filter>
    </ClInclude>
    <ClInclude Include="File\File.hpp">
      <Filter>Header Files</Filter>
    </ClInclude>
    <ClInclude Include="IO\include\Keyboard.hpp">
      <Filter>Header Files</Filter>
    </ClInclude>
    <ClInclude Include="IO\include\Mouse.hpp">
      <Filter>Header Files</Filter>
    </ClInclude>
    <ClInclude Include="IO\IO.hpp">
      <Filter>Header Files</Filter>
    </ClInclude>
    <ClInclude Include="Geometry\Shape\include\Circle.hpp">
      <Filter>Header Files</Filter>
    </ClInclude>
    <ClInclude Include="Geometry\Shape\include\Triangle.hpp">
      <Filter>Header Files</Filter>
    </ClInclude>
    <ClInclude Include="Geometry\include\AngularConv.hpp">
      <Filter>Header Files</Filter>
    </ClInclude>
    <ClInclude Include="Geometry\include\Common.hpp">
      <Filter>Header Files</Filter>
    </ClInclude>
    <ClInclude Include="Geometry\Geometry.hpp">
      <Filter>Header Files</Filter>
    </ClInclude>
    <ClInclude Include="Math\include\Common.hpp">
      <Filter>Header Files</Filter>
    </ClInclude>
    <ClInclude Include="Math\include\Multiplicative.hpp">
      <Filter>Header Files</Filter>
    </ClInclude>
    <ClInclude Include="Math\Numbers\include\Common.hpp">
      <Filter>Header Files</Filter>
    </ClInclude>
    <ClInclude Include="Math\Numbers\include\Primes.hpp">
      <Filter>Header Files</Filter>
    </ClInclude>
    <ClInclude Include="Math\Numbers\include\Sets.hpp">
      <Filter>Header Files</Filter>
    </ClInclude>
    <ClInclude Include="Math\Numbers\Numbers.hpp">
      <Filter>Header Files</Filter>
    </ClInclude>
    <ClInclude Include="Math\Math.hpp">
      <Filter>Header Files</Filter>
    </ClInclude>
    <ClInclude Include="Memory\Memory.hpp">
      <Filter>Header Files</Filter>
    </ClInclude>
    <ClInclude Include="Random\include\URand.hpp">
      <Filter>Header Files</Filter>
    </ClInclude>
    <ClInclude Include="Random\Random.hpp">
      <Filter>Header Files</Filter>
    </ClInclude>
    <ClInclude Include="Traits\include\Bitwise.hpp">
      <Filter>Header Files</Filter>
    </ClInclude>
    <ClInclude Include="Traits\include\Callable.hpp">
      <Filter>Header Files</Filter>
    </ClInclude>
    <ClInclude Include="Traits\include\Extents.hpp">
      <Filter>Header Files</Filter>
    </ClInclude>
    <ClInclude Include="Traits\include\Formation.hpp">
      <Filter>Header Files</Filter>
    </ClInclude>
    <ClInclude Include="Traits\include\Indirection.hpp">
      <Filter>Header Files</Filter>
    </ClInclude>
    <ClInclude Include="Traits\include\Modification.hpp">
      <Filter>Header Files</Filter>
    </ClInclude>
    <ClInclude Include="Traits\Traits.hpp">
      <Filter>Header Files</Filter>
    </ClInclude>
    <ClInclude Include="Win32_\D3D11\include\FullScreenQuad.hpp">
      <Filter>Header Files</Filter>
    </ClInclude>
    <ClInclude Include="Win32_\D3D11\include\ResourcePack.hpp">
      <Filter>Header Files</Filter>
    </ClInclude>
    <ClInclude Include="Utility\include\SizePack.hpp">
      <Filter>Header Files</Filter>
    </ClInclude>
    <ClInclude Include="Utility\include\Color.hpp">
      <Filter>Header Files</Filter>
    </ClInclude>
    <ClInclude Include="Utility\include\Common.hpp">
      <Filter>Header Files</Filter>
    </ClInclude>
    <ClInclude Include="Utility\include\Surface.hpp">
      <Filter>Header Files</Filter>
    </ClInclude>
    <ClInclude Include="Utility\include\Timer.hpp">
      <Filter>Header Files</Filter>
    </ClInclude>
    <ClInclude Include="Utility\include\ViewXM.hpp">
      <Filter>Header Files</Filter>
    </ClInclude>
    <ClInclude Include="Utility\Utility.hpp">
      <Filter>Header Files</Filter>
    </ClInclude>
    <ClInclude Include="Win32_\COM\include\Manager.hpp">
      <Filter>Header Files</Filter>
    </ClInclude>
    <ClInclude Include="Win32_\COM\COM.hpp">
      <Filter>Header Files</Filter>
    </ClInclude>
    <ClInclude Include="Win32_\D2D\include\Graphics.hpp">
      <Filter>Header Files</Filter>
    </ClInclude>
    <ClInclude Include="Win32_\D2D\D2D.hpp">
      <Filter>Header Files</Filter>
    </ClInclude>
    <ClInclude Include="Win32_\D3D11\include\Graphics.hpp">
      <Filter>Header Files</Filter>
    </ClInclude>
    <ClInclude Include="Win32_\D3D11\Core\include\Rasterizer.hpp">
      <Filter>Header Files</Filter>
    </ClInclude>
    <ClInclude Include="Win32_\D3D11\Core\include\Viewport.hpp">
      <Filter>Header Files</Filter>
    </ClInclude>
    <ClInclude Include="Win32_\D3D11\Resource\include\IndexBuffer.hpp">
      <Filter>Header Files</Filter>
    </ClInclude>
    <ClInclude Include="Win32_\D3D11\Core\include\InputLayout.hpp">
      <Filter>Header Files</Filter>
    </ClInclude>
    <ClInclude Include="Win32_\D3D11\Shader\include\PixelShader.hpp">
      <Filter>Header Files</Filter>
    </ClInclude>
    <ClInclude Include="Win32_\D3D11\Core\include\Topology.hpp">
      <Filter>Header Files</Filter>
    </ClInclude>
    <ClInclude Include="Win32_\D3D11\Resource\include\VertexBuffer.hpp">
      <Filter>Header Files</Filter>
    </ClInclude>
    <ClInclude Include="Win32_\D3D11\Shader\include\VertexShader.hpp">
      <Filter>Header Files</Filter>
    </ClInclude>
    <ClInclude Include="Win32_\D3D11\include\Bindable.hpp">
      <Filter>Header Files</Filter>
    </ClInclude>
    <ClInclude Include="Win32_\D3D11\Resource\include\CBuffer.hpp">
      <Filter>Header Files</Filter>
    </ClInclude>
    <ClInclude Include="Win32_\D3D11\Core\include\DepthStencil.hpp">
      <Filter>Header Files</Filter>
    </ClInclude>
    <ClInclude Include="Win32_\D3D11\Resource\include\PixelCBuffer.hpp">
      <Filter>Header Files</Filter>
    </ClInclude>
    <ClInclude Include="Win32_\D3D11\Resource\include\PixelSBuffer.hpp">
      <Filter>Header Files</Filter>
    </ClInclude>
    <ClInclude Include="Win32_\D3D11\Core\include\RenderTarget.hpp">
      <Filter>Header Files</Filter>
    </ClInclude>
    <ClInclude Include="Win32_\D3D11\Shader\include\Sampler.hpp">
      <Filter>Header Files</Filter>
    </ClInclude>
    <ClInclude Include="Win32_\D3D11\Resource\include\SBuffer.hpp">
      <Filter>Header Files</Filter>
    </ClInclude>
    <ClInclude Include="Win32_\D3D11\Resource\include\ShaderResource.hpp">
      <Filter>Header Files</Filter>
    </ClInclude>
    <ClInclude Include="Win32_\D3D11\Resource\include\Texture2D.hpp">
      <Filter>Header Files</Filter>
    </ClInclude>
    <ClInclude Include="Win32_\D3D11\Resource\include\TransformCBuffer.hpp">
      <Filter>Header Files</Filter>
    </ClInclude>
    <ClInclude Include="Win32_\D3D11\Resource\include\VertexCBuffer.hpp">
      <Filter>Header Files</Filter>
    </ClInclude>
    <ClInclude Include="Win32_\D3D11\D3D11.hpp">
      <Filter>Header Files</Filter>
    </ClInclude>
    <ClInclude Include="Win32_\DXGI\include\Common.hpp">
      <Filter>Header Files</Filter>
    </ClInclude>
    <ClInclude Include="Win32_\DXGI\DXGI.hpp">
      <Filter>Header Files</Filter>
    </ClInclude>
    <ClInclude Include="Win32_\GDI_Plus\include\Manager.hpp">
      <Filter>Header Files</Filter>
    </ClInclude>
    <ClInclude Include="Win32_\GDI_Plus\GDI_Plus.hpp">
      <Filter>Header Files</Filter>
    </ClInclude>
    <ClInclude Include="Win32_\include\Common.hpp">
      <Filter>Header Files</Filter>
    </ClInclude>
    <ClInclude Include="Win32_\include\IWindow.hpp">
      <Filter>Header Files</Filter>
    </ClInclude>
    <ClInclude Include="Win32_\include\FatWin.hpp">
      <Filter>Header Files</Filter>
    </ClInclude>
    <ClInclude Include="Win32_\include\FatWin_Settings.hpp">
      <Filter>Header Files</Filter>
    </ClInclude>
    <ClInclude Include="Win32_\include\WindowEx.hpp">
      <Filter>Header Files</Filter>
    </ClInclude>
    <ClInclude Include="Win32_\Win32.hpp">
      <Filter>Header Files</Filter>
    </ClInclude>
    <ClInclude Include="FatPound.hpp">
      <Filter>Header Files</Filter>
    </ClInclude>
    <ClInclude Include="_macros\Compiler.hpp">
      <Filter>Header Files</Filter>
    </ClInclude>
    <ClInclude Include="_macros\Experimental.hpp">
      <Filter>Header Files</Filter>
    </ClInclude>
    <ClInclude Include="_macros\Namespaces.hpp">
      <Filter>Header Files</Filter>
    </ClInclude>
    <ClInclude Include="_macros\STL.hpp">
      <Filter>Header Files</Filter>
    </ClInclude>
    <ClInclude Include="Geometry\Shape\Shape.hpp">
      <Filter>Header Files</Filter>
    </ClInclude>
    <ClInclude Include="Random\include\Common.hpp">
      <Filter>Header Files</Filter>
    </ClInclude>
    <ClInclude Include="Math\include\Special.hpp">
      <Filter>Header Files</Filter>
    </ClInclude>
    <ClInclude Include="Bit\include\Common.hpp">
      <Filter>Header Files</Filter>
    </ClInclude>
    <ClInclude Include="File\include\Common.hpp">
      <Filter>Header Files</Filter>
    </ClInclude>
    <ClInclude Include="Memory\include\Common.hpp">
      <Filter>Header Files</Filter>
    </ClInclude>
    <ClInclude Include="Colors\Colors.hpp">
      <Filter>Header Files</Filter>
    </ClInclude>
    <ClInclude Include="Colors\ARGB\ARGB.hpp">
      <Filter>Header Files</Filter>
    </ClInclude>
    <ClInclude Include="Colors\ARGB\include\Color.hpp">
      <Filter>Header Files</Filter>
    </ClInclude>
    <ClInclude Include="Colors\ARGB\include\Common.hpp">
      <Filter>Header Files</Filter>
    </ClInclude>
    <ClInclude Include="Win32_\D3D11\Core\Core.hpp">
      <Filter>Header Files</Filter>
    </ClInclude>
    <ClInclude Include="Win32_\D3D11\Resource\Resource.hpp">
      <Filter>Header Files</Filter>
    </ClInclude>
    <ClInclude Include="Win32_\D3D11\Shader\Shader.hpp">
      <Filter>Header Files</Filter>
    </ClInclude>
    <ClInclude Include="Win32_\include\Core.hpp">
      <Filter>Header Files</Filter>
    </ClInclude>
    <ClInclude Include="Win32_\D3D11\Resource\include\PixelShaderResource.hpp">
      <Filter>Header Files</Filter>
    </ClInclude>
    <ClInclude Include="Win32_\D3D11\Resource\include\VertexShaderResource.hpp">
      <Filter>Header Files</Filter>
    </ClInclude>
  </ItemGroup>
  <ItemGroup>
    <ClCompile Include="Graph\src\BFS.cpp">
      <Filter>Source Files</Filter>
    </ClCompile>
    <ClCompile Include="Graph\src\DFS.cpp">
      <Filter>Source Files</Filter>
    </ClCompile>
    <ClCompile Include="Automata\src\CFG.cpp">
      <Filter>Source Files</Filter>
    </ClCompile>
    <ClCompile Include="Automata\src\TLT.cpp">
      <Filter>Source Files</Filter>
    </ClCompile>
    <ClCompile Include="Automata\src\TLT_v2.cpp">
      <Filter>Source Files</Filter>
    </ClCompile>
    <ClCompile Include="Concurrency\src\TaskQueue.cpp">
      <Filter>Source Files</Filter>
    </ClCompile>
    <ClCompile Include="File\src\Common_File.cpp">
      <Filter>Source Files</Filter>
    </ClCompile>
    <ClCompile Include="IO\src\Keyboard.cpp">
      <Filter>Source Files</Filter>
    </ClCompile>
    <ClCompile Include="IO\src\Mouse.cpp">
      <Filter>Source Files</Filter>
    </ClCompile>
    <ClCompile Include="Geometry\src\Common_Geometry.cpp">
      <Filter>Source Files</Filter>
    </ClCompile>
    <ClCompile Include="Memory\src\Common_Memory.cpp">
      <Filter>Source Files</Filter>
    </ClCompile>
    <ClCompile Include="Random\src\URand.cpp">
      <Filter>Source Files</Filter>
    </ClCompile>
    <ClCompile Include="Win32_\D3D11\src\FullScreenQuad.cpp">
      <Filter>Source Files</Filter>
    </ClCompile>
    <ClCompile Include="Win32_\D3D11\src\ResourcePack.cpp">
      <Filter>Source Files</Filter>
    </ClCompile>
    <ClCompile Include="Utility\src\Common_Utility.cpp">
      <Filter>Source Files</Filter>
    </ClCompile>
    <ClCompile Include="Utility\src\Surface.cpp">
      <Filter>Source Files</Filter>
    </ClCompile>
    <ClCompile Include="Utility\src\ViewXM.cpp">
      <Filter>Source Files</Filter>
    </ClCompile>
    <ClCompile Include="Win32_\COM\src\Manager_COM.cpp">
      <Filter>Source Files</Filter>
    </ClCompile>
    <ClCompile Include="Win32_\D2D\src\Graphics_D2D.cpp">
      <Filter>Source Files</Filter>
    </ClCompile>
    <ClCompile Include="Win32_\D3D11\Core\src\Rasterizer.cpp">
      <Filter>Source Files</Filter>
    </ClCompile>
    <ClCompile Include="Win32_\D3D11\Core\src\Viewport.cpp">
      <Filter>Source Files</Filter>
    </ClCompile>
    <ClCompile Include="Win32_\D3D11\Resource\src\IndexBuffer.cpp">
      <Filter>Source Files</Filter>
    </ClCompile>
    <ClCompile Include="Win32_\D3D11\Core\src\InputLayout.cpp">
      <Filter>Source Files</Filter>
    </ClCompile>
    <ClCompile Include="Win32_\D3D11\Shader\src\PixelShader.cpp">
      <Filter>Source Files</Filter>
    </ClCompile>
    <ClCompile Include="Win32_\D3D11\Core\src\Topology.cpp">
      <Filter>Source Files</Filter>
    </ClCompile>
    <ClCompile Include="Win32_\D3D11\Resource\src\VertexBuffer.cpp">
      <Filter>Source Files</Filter>
    </ClCompile>
    <ClCompile Include="Win32_\D3D11\Shader\src\VertexShader.cpp">
      <Filter>Source Files</Filter>
    </ClCompile>
    <ClCompile Include="Win32_\D3D11\Core\src\DepthStencil.cpp">
      <Filter>Source Files</Filter>
    </ClCompile>
    <ClCompile Include="Win32_\D3D11\Core\src\RenderTarget.cpp">
      <Filter>Source Files</Filter>
    </ClCompile>
    <ClCompile Include="Win32_\D3D11\Shader\src\Sampler.cpp">
      <Filter>Source Files</Filter>
    </ClCompile>
    <ClCompile Include="Win32_\D3D11\Resource\src\ShaderResource.cpp">
      <Filter>Source Files</Filter>
    </ClCompile>
    <ClCompile Include="Win32_\D3D11\Resource\src\Texture2D.cpp">
      <Filter>Source Files</Filter>
    </ClCompile>
    <ClCompile Include="Win32_\DXGI\src\Common_DXGI.cpp">
      <Filter>Source Files</Filter>
    </ClCompile>
    <ClCompile Include="Win32_\GDI_Plus\src\Manager_GDI_Plus.cpp">
      <Filter>Source Files</Filter>
    </ClCompile>
    <ClCompile Include="Win32_\src\Common_Win32.cpp">
      <Filter>Source Files</Filter>
    </ClCompile>
    <ClCompile Include="Win32_\src\IWindow.cpp">
      <Filter>Source Files</Filter>
    </ClCompile>
    <ClCompile Include="Geometry\Shape\src\Circle.cpp">
      <Filter>Source Files</Filter>
    </ClCompile>
    <ClCompile Include="Graph\src\DirectedGraph.cpp">
      <Filter>Source Files</Filter>
    </ClCompile>
    <ClCompile Include="Algorithm\modules\Searching.ixx">
      <Filter>Source Files</Filter>
    </ClCompile>
    <ClCompile Include="Algorithm\modules\Sorting.ixx">
      <Filter>Source Files</Filter>
    </ClCompile>
    <ClCompile Include="Algorithm\Algorithm.ixx">
      <Filter>Source Files</Filter>
    </ClCompile>
    <ClCompile Include="Automata\modules\CFG.ixx">
      <Filter>Source Files</Filter>
    </ClCompile>
    <ClCompile Include="Automata\modules\TLT.ixx">
      <Filter>Source Files</Filter>
    </ClCompile>
    <ClCompile Include="Automata\modules\TLT_v2.ixx">
      <Filter>Source Files</Filter>
    </ClCompile>
    <ClCompile Include="Automata\Automata.ixx">
      <Filter>Source Files</Filter>
    </ClCompile>
    <ClCompile Include="Bit\modules\Common_Bit.ixx">
      <Filter>Source Files</Filter>
    </ClCompile>
    <ClCompile Include="Bit\Bit.ixx">
      <Filter>Source Files</Filter>
    </ClCompile>
    <ClCompile Include="Colors\Colors.ixx">
      <Filter>Source Files</Filter>
    </ClCompile>
    <ClCompile Include="Colors\ARGB\ARGB.ixx">
      <Filter>Source Files</Filter>
    </ClCompile>
    <ClCompile Include="Colors\ARGB\modules\Color.ixx">
      <Filter>Source Files</Filter>
    </ClCompile>
    <ClCompile Include="Colors\ARGB\modules\Common_ARGB.ixx">
      <Filter>Source Files</Filter>
    </ClCompile>
    <ClCompile Include="Concurrency\modules\TaskQueue.ixx">
      <Filter>Source Files</Filter>
    </ClCompile>
    <ClCompile Include="Concurrency\Concurrency.ixx">
      <Filter>Source Files</Filter>
    </ClCompile>
    <ClCompile Include="Cryptography\modules\XorCipher.ixx">
      <Filter>Source Files</Filter>
    </ClCompile>
    <ClCompile Include="Cryptography\Cryptography.ixx">
      <Filter>Source Files</Filter>
    </ClCompile>
    <ClCompile Include="DSA\DSA.ixx">
      <Filter>Source Files</Filter>
    </ClCompile>
    <ClCompile Include="DSA\LinkedList\modules\Doubly.ixx">
      <Filter>Source Files</Filter>
    </ClCompile>
    <ClCompile Include="DSA\LinkedList\modules\DoublyCircular.ixx">
      <Filter>Source Files</Filter>
    </ClCompile>
    <ClCompile Include="DSA\LinkedList\modules\Singly.ixx">
      <Filter>Source Files</Filter>
    </ClCompile>
    <ClCompile Include="DSA\LinkedList\modules\SinglyCircular.ixx">
      <Filter>Source Files</Filter>
    </ClCompile>
    <ClCompile Include="DSA\LinkedList\LinkedList.ixx">
      <Filter>Source Files</Filter>
    </ClCompile>
    <ClCompile Include="DSA\Tree\modules\AVL.ixx">
      <Filter>Source Files</Filter>
    </ClCompile>
    <ClCompile Include="DSA\Tree\modules\B.ixx">
      <Filter>Source Files</Filter>
    </ClCompile>
    <ClCompile Include="DSA\Tree\modules\B_Plus.ixx">
      <Filter>Source Files</Filter>
    </ClCompile>
    <ClCompile Include="DSA\Tree\modules\BST.ixx">
      <Filter>Source Files</Filter>
    </ClCompile>
    <ClCompile Include="DSA\Tree\modules\IPR.ixx">
      <Filter>Source Files</Filter>
    </ClCompile>
    <ClCompile Include="DSA\Tree\Tree.ixx">
      <Filter>Source Files</Filter>
    </ClCompile>
    <ClCompile Include="File\modules\Common_File.ixx">
      <Filter>Source Files</Filter>
    </ClCompile>
    <ClCompile Include="File\File.ixx">
      <Filter>Source Files</Filter>
    </ClCompile>
    <ClCompile Include="Geometry\modules\AngularConv.ixx">
      <Filter>Source Files</Filter>
    </ClCompile>
    <ClCompile Include="Geometry\modules\Common_Geometry.ixx">
      <Filter>Source Files</Filter>
    </ClCompile>
    <ClCompile Include="Geometry\Geometry.ixx">
      <Filter>Source Files</Filter>
    </ClCompile>
    <ClCompile Include="Geometry\Shape\modules\Circle.ixx">
      <Filter>Source Files</Filter>
    </ClCompile>
    <ClCompile Include="Geometry\Shape\modules\Triangle.ixx">
      <Filter>Source Files</Filter>
    </ClCompile>
    <ClCompile Include="Geometry\Shape\Shape.ixx">
      <Filter>Source Files</Filter>
    </ClCompile>
    <ClCompile Include="Graph\modules\BFS.ixx">
      <Filter>Source Files</Filter>
    </ClCompile>
    <ClCompile Include="Graph\modules\DFS.ixx">
      <Filter>Source Files</Filter>
    </ClCompile>
    <ClCompile Include="Graph\modules\DirectedGraph.ixx">
      <Filter>Source Files</Filter>
    </ClCompile>
    <ClCompile Include="Graph\Graph.ixx">
      <Filter>Source Files</Filter>
    </ClCompile>
    <ClCompile Include="IO\modules\Keyboard.ixx">
      <Filter>Source Files</Filter>
    </ClCompile>
    <ClCompile Include="IO\modules\Mouse.ixx">
      <Filter>Source Files</Filter>
    </ClCompile>
    <ClCompile Include="IO\IO.ixx">
      <Filter>Source Files</Filter>
    </ClCompile>
    <ClCompile Include="Math\modules\Common_Math.ixx">
      <Filter>Source Files</Filter>
    </ClCompile>
    <ClCompile Include="Math\modules\Multiplicative.ixx">
      <Filter>Source Files</Filter>
    </ClCompile>
    <ClCompile Include="Math\modules\Special.ixx">
      <Filter>Source Files</Filter>
    </ClCompile>
    <ClCompile Include="Math\Math.ixx">
      <Filter>Source Files</Filter>
    </ClCompile>
    <ClCompile Include="Math\Numbers\modules\Common_Numbers.ixx">
      <Filter>Source Files</Filter>
    </ClCompile>
    <ClCompile Include="Math\Numbers\modules\Primes.ixx">
      <Filter>Source Files</Filter>
    </ClCompile>
    <ClCompile Include="Math\Numbers\modules\Sets.ixx">
      <Filter>Source Files</Filter>
    </ClCompile>
    <ClCompile Include="Math\Numbers\Numbers.ixx">
      <Filter>Source Files</Filter>
    </ClCompile>
    <ClCompile Include="Memory\modules\Common_Memory.ixx">
      <Filter>Source Files</Filter>
    </ClCompile>
    <ClCompile Include="Memory\Memory.ixx">
      <Filter>Source Files</Filter>
    </ClCompile>
    <ClCompile Include="Random\modules\Common_Random.ixx">
      <Filter>Source Files</Filter>
    </ClCompile>
    <ClCompile Include="Random\modules\URand.ixx">
      <Filter>Source Files</Filter>
    </ClCompile>
    <ClCompile Include="Random\Random.ixx">
      <Filter>Source Files</Filter>
    </ClCompile>
    <ClCompile Include="Traits\modules\Bitwise.ixx">
      <Filter>Source Files</Filter>
    </ClCompile>
    <ClCompile Include="Traits\modules\Callable.ixx">
      <Filter>Source Files</Filter>
    </ClCompile>
    <ClCompile Include="Traits\modules\Extents.ixx">
      <Filter>Source Files</Filter>
    </ClCompile>
    <ClCompile Include="Traits\modules\Formation.ixx">
      <Filter>Source Files</Filter>
    </ClCompile>
    <ClCompile Include="Traits\modules\Indirection.ixx">
      <Filter>Source Files</Filter>
    </ClCompile>
    <ClCompile Include="Traits\modules\Modification.ixx">
      <Filter>Source Files</Filter>
    </ClCompile>
    <ClCompile Include="Traits\Traits.ixx">
      <Filter>Source Files</Filter>
    </ClCompile>
    <ClCompile Include="Utility\modules\Common_Utility.ixx">
      <Filter>Source Files</Filter>
    </ClCompile>
    <ClCompile Include="Utility\modules\Surface.ixx">
      <Filter>Source Files</Filter>
    </ClCompile>
    <ClCompile Include="Utility\modules\Timer.ixx">
      <Filter>Source Files</Filter>
    </ClCompile>
    <ClCompile Include="Utility\modules\ViewXM.ixx">
      <Filter>Source Files</Filter>
    </ClCompile>
    <ClCompile Include="Utility\Utility.ixx">
      <Filter>Source Files</Filter>
    </ClCompile>
    <ClCompile Include="Win32_\D3D11\modules\FullScreenQuad.ixx">
      <Filter>Source Files</Filter>
    </ClCompile>
    <ClCompile Include="Win32_\D3D11\modules\ResourcePack.ixx">
      <Filter>Source Files</Filter>
    </ClCompile>
    <ClCompile Include="Utility\modules\SizePack.ixx">
      <Filter>Source Files</Filter>
    </ClCompile>
    <ClCompile Include="Win32_\modules\Common_Win32.ixx">
      <Filter>Source Files</Filter>
    </ClCompile>
    <ClCompile Include="Win32_\modules\IWindow.ixx">
      <Filter>Source Files</Filter>
    </ClCompile>
    <ClCompile Include="Win32_\modules\WindowEx.ixx">
      <Filter>Source Files</Filter>
    </ClCompile>
    <ClCompile Include="Win32_\Win32.ixx">
      <Filter>Source Files</Filter>
    </ClCompile>
    <ClCompile Include="FatPound.ixx">
      <Filter>Source Files</Filter>
    </ClCompile>
    <ClCompile Include="Win32_\COM\modules\Manager_COM.ixx">
      <Filter>Source Files</Filter>
    </ClCompile>
    <ClCompile Include="Win32_\COM\COM.ixx">
      <Filter>Source Files</Filter>
    </ClCompile>
    <ClCompile Include="Win32_\D2D\modules\Graphics_D2D.ixx">
      <Filter>Source Files</Filter>
    </ClCompile>
    <ClCompile Include="Win32_\D2D\D2D.ixx">
      <Filter>Source Files</Filter>
    </ClCompile>
    <ClCompile Include="Win32_\DXGI\modules\Common_DXGI.ixx">
      <Filter>Source Files</Filter>
    </ClCompile>
    <ClCompile Include="Win32_\DXGI\DXGI.ixx">
      <Filter>Source Files</Filter>
    </ClCompile>
    <ClCompile Include="Win32_\GDI_Plus\modules\Manager_GDI_Plus.ixx">
      <Filter>Source Files</Filter>
    </ClCompile>
    <ClCompile Include="Win32_\GDI_Plus\GDI_Plus.ixx">
      <Filter>Source Files</Filter>
    </ClCompile>
    <ClCompile Include="Win32_\D3D11\modules\Bindable.ixx">
      <Filter>Source Files</Filter>
    </ClCompile>
    <ClCompile Include="Win32_\D3D11\modules\Graphics_D3D11.ixx">
      <Filter>Source Files</Filter>
    </ClCompile>
    <ClCompile Include="Win32_\D3D11\D3D11.ixx">
      <Filter>Source Files</Filter>
    </ClCompile>
    <ClCompile Include="Win32_\D3D11\Core\modules\DepthStencil.ixx">
      <Filter>Source Files</Filter>
    </ClCompile>
    <ClCompile Include="Win32_\D3D11\Core\modules\InputLayout.ixx">
      <Filter>Source Files</Filter>
    </ClCompile>
    <ClCompile Include="Win32_\D3D11\Core\modules\Rasterizer.ixx">
      <Filter>Source Files</Filter>
    </ClCompile>
    <ClCompile Include="Win32_\D3D11\Core\modules\RenderTarget.ixx">
      <Filter>Source Files</Filter>
    </ClCompile>
    <ClCompile Include="Win32_\D3D11\Core\modules\Topology.ixx">
      <Filter>Source Files</Filter>
    </ClCompile>
    <ClCompile Include="Win32_\D3D11\Core\modules\Viewport.ixx">
      <Filter>Source Files</Filter>
    </ClCompile>
    <ClCompile Include="Win32_\D3D11\Core\Core_D3D11.ixx">
      <Filter>Source Files</Filter>
    </ClCompile>
    <ClCompile Include="Win32_\D3D11\Resource\modules\CBuffer.ixx">
      <Filter>Source Files</Filter>
    </ClCompile>
    <ClCompile Include="Win32_\D3D11\Resource\modules\IndexBuffer.ixx">
      <Filter>Source Files</Filter>
    </ClCompile>
    <ClCompile Include="Win32_\D3D11\Resource\modules\PixelCBuffer.ixx">
      <Filter>Source Files</Filter>
    </ClCompile>
    <ClCompile Include="Win32_\D3D11\Resource\modules\PixelSBuffer.ixx">
      <Filter>Source Files</Filter>
    </ClCompile>
    <ClCompile Include="Win32_\D3D11\Resource\modules\SBuffer.ixx">
      <Filter>Source Files</Filter>
    </ClCompile>
    <ClCompile Include="Win32_\D3D11\Resource\modules\ShaderResource.ixx">
      <Filter>Source Files</Filter>
    </ClCompile>
    <ClCompile Include="Win32_\D3D11\Resource\modules\Texture2D.ixx">
      <Filter>Source Files</Filter>
    </ClCompile>
    <ClCompile Include="Win32_\D3D11\Resource\modules\TransformCBuffer.ixx">
      <Filter>Source Files</Filter>
    </ClCompile>
    <ClCompile Include="Win32_\D3D11\Resource\modules\VertexBuffer.ixx">
      <Filter>Source Files</Filter>
    </ClCompile>
    <ClCompile Include="Win32_\D3D11\Resource\modules\VertexCBuffer.ixx">
      <Filter>Source Files</Filter>
    </ClCompile>
    <ClCompile Include="Win32_\D3D11\Resource\Resource.ixx">
      <Filter>Source Files</Filter>
    </ClCompile>
    <ClCompile Include="Win32_\D3D11\Shader\Shader.ixx">
      <Filter>Source Files</Filter>
    </ClCompile>
    <ClCompile Include="Win32_\D3D11\Shader\modules\PixelShader.ixx">
      <Filter>Source Files</Filter>
    </ClCompile>
    <ClCompile Include="Win32_\D3D11\Shader\modules\Sampler.ixx">
      <Filter>Source Files</Filter>
    </ClCompile>
    <ClCompile Include="Win32_\D3D11\Shader\modules\VertexShader.ixx">
      <Filter>Source Files</Filter>
    </ClCompile>
    <ClCompile Include="Win32_\modules\Core_Win32.ixx">
      <Filter>Source Files</Filter>
    </ClCompile>
    <ClCompile Include="Win32_\D3D11\Resource\modules\PixelShaderResource.ixx">
      <Filter>Source Files</Filter>
    </ClCompile>
    <ClCompile Include="Win32_\D3D11\Resource\modules\VertexShaderResource.ixx">
      <Filter>Source Files</Filter>
    </ClCompile>
    <ClCompile Include="Win32_\D3D11\Resource\src\PixelShaderResource.cpp">
      <Filter>Source Files</Filter>
    </ClCompile>
    <ClCompile Include="Win32_\D3D11\Resource\src\VertexShaderResource.cpp">
      <Filter>Source Files</Filter>
    </ClCompile>
  </ItemGroup>
</Project>