<?xml version="1.0" encoding="utf-8"?>
<Project ToolsVersion="4.0" xmlns="http://schemas.microsoft.com/developer/msbuild/2003">
  <ItemGroup>
    <Filter Include="Source Files">
      <UniqueIdentifier>{4FC737F1-C7A5-4376-A066-2A32D752A2FF}</UniqueIdentifier>
      <Extensions>cpp;c;cc;cxx;c++;cppm;ixx;def;odl;idl;hpj;bat;asm;asmx</Extensions>
    </Filter>
    <Filter Include="Header Files">
      <UniqueIdentifier>{93995380-89BD-4b04-88EB-625FBE52EBFB}</UniqueIdentifier>
      <Extensions>h;hh;hpp;hxx;h++;hm;inl;inc;ipp;xsd</Extensions>
    </Filter>
    <Filter Include="Resource Files">
      <UniqueIdentifier>{67DA6AB6-F800-4c08-8B7A-83BB121AAD01}</UniqueIdentifier>
      <Extensions>rc;ico;cur;bmp;dlg;rc2;rct;bin;rgs;gif;jpg;jpeg;jpe;resx;tiff;tif;png;wav;mfcribbon-ms</Extensions>
    </Filter>
  </ItemGroup>
  <ItemGroup>
    <None Include="_misc\FatLibrary.cd" />
    <None Include="_misc\FatCodex\FatRules.ruleset" />
  </ItemGroup>
  <ItemGroup>
    <Text Include="_misc\notes.txt" />
    <Text Include="Win32_\_notes.txt" />
  </ItemGroup>
  <ItemGroup>
    <ClInclude Include="Graph\include\BFS.hpp">
      <Filter>Header Files</Filter>
    </ClInclude>
    <ClInclude Include="Graph\include\DFS.hpp">
      <Filter>Header Files</Filter>
    </ClInclude>
    <ClInclude Include="Graph\Graph.hpp">
      <Filter>Header Files</Filter>
    </ClInclude>
    <ClInclude Include="Algorithm\include\Searching.hpp">
      <Filter>Header Files</Filter>
    </ClInclude>
    <ClInclude Include="Algorithm\include\Sorting.hpp">
      <Filter>Header Files</Filter>
    </ClInclude>
    <ClInclude Include="Algorithm\Algorithm.hpp">
      <Filter>Header Files</Filter>
    </ClInclude>
    <ClInclude Include="Automata\include\CFG.hpp">
      <Filter>Header Files</Filter>
    </ClInclude>
    <ClInclude Include="Automata\include\TLT.hpp">
      <Filter>Header Files</Filter>
    </ClInclude>
    <ClInclude Include="Automata\include\TLT_v2.hpp">
      <Filter>Header Files</Filter>
    </ClInclude>
    <ClInclude Include="Automata\Automata.hpp">
      <Filter>Header Files</Filter>
    </ClInclude>
    <ClInclude Include="Bit\Bit.hpp">
      <Filter>Header Files</Filter>
    </ClInclude>
    <ClInclude Include="Concurrency\include\TaskQueue.hpp">
      <Filter>Header Files</Filter>
    </ClInclude>
    <ClInclude Include="Concurrency\Concurrency.hpp">
      <Filter>Header Files</Filter>
    </ClInclude>
    <ClInclude Include="Cryptography\include\XorCipher.hpp">
      <Filter>Header Files</Filter>
    </ClInclude>
    <ClInclude Include="Cryptography\Cryptography.hpp">
      <Filter>Header Files</Filter>
    </ClInclude>
    <ClInclude Include="Graph\include\DirectedGraph.hpp">
      <Filter>Header Files</Filter>
    </ClInclude>
    <ClInclude Include="DSA\LinkedList\include\Doubly.hpp">
      <Filter>Header Files</Filter>
    </ClInclude>
    <ClInclude Include="DSA\LinkedList\include\DoublyCircular.hpp">
      <Filter>Header Files</Filter>
    </ClInclude>
    <ClInclude Include="DSA\LinkedList\include\Singly.hpp">
      <Filter>Header Files</Filter>
    </ClInclude>
    <ClInclude Include="DSA\LinkedList\include\SinglyCircular.hpp">
      <Filter>Header Files</Filter>
    </ClInclude>
    <ClInclude Include="DSA\LinkedList\LinkedList.hpp">
      <Filter>Header Files</Filter>
    </ClInclude>
    <ClInclude Include="DSA\Tree\include\AVL.hpp">
      <Filter>Header Files</Filter>
    </ClInclude>
    <ClInclude Include="DSA\Tree\include\B.hpp">
      <Filter>Header Files</Filter>
    </ClInclude>
    <ClInclude Include="DSA\Tree\include\B_Plus.hpp">
      <Filter>Header Files</Filter>
    </ClInclude>
    <ClInclude Include="DSA\Tree\include\BST.hpp">
      <Filter>Header Files</Filter>
    </ClInclude>
    <ClInclude Include="DSA\Tree\include\IPR.hpp">
      <Filter>Header Files</Filter>
    </ClInclude>
    <ClInclude Include="DSA\Tree\Tree.hpp">
      <Filter>Header Files</Filter>
    </ClInclude>
    <ClInclude Include="DSA\DSA.hpp">
      <Filter>Header Files</Filter>
    </ClInclude>
    <ClInclude Include="File\File.hpp">
      <Filter>Header Files</Filter>
    </ClInclude>
    <ClInclude Include="IO\include\Keyboard.hpp">
      <Filter>Header Files</Filter>
    </ClInclude>
    <ClInclude Include="IO\include\Mouse.hpp">
      <Filter>Header Files</Filter>
    </ClInclude>
    <ClInclude Include="IO\IO.hpp">
      <Filter>Header Files</Filter>
    </ClInclude>
    <ClInclude Include="Geometry\Shape\include\Circle.hpp">
      <Filter>Header Files</Filter>
    </ClInclude>
    <ClInclude Include="Geometry\Shape\include\Triangle.hpp">
      <Filter>Header Files</Filter>
    </ClInclude>
    <ClInclude Include="Geometry\include\AngularConv.hpp">
      <Filter>Header Files</Filter>
    </ClInclude>
    <ClInclude Include="Geometry\include\Common.hpp">
      <Filter>Header Files</Filter>
    </ClInclude>
    <ClInclude Include="Geometry\Geometry.hpp">
      <Filter>Header Files</Filter>
    </ClInclude>
    <ClInclude Include="Math\include\Common.hpp">
      <Filter>Header Files</Filter>
    </ClInclude>
    <ClInclude Include="Math\include\Multiplicative.hpp">
      <Filter>Header Files</Filter>
    </ClInclude>
    <ClInclude Include="Math\Numbers\include\Common.hpp">
      <Filter>Header Files</Filter>
    </ClInclude>
    <ClInclude Include="Math\Numbers\include\Primes.hpp">
      <Filter>Header Files</Filter>
    </ClInclude>
    <ClInclude Include="Math\Numbers\include\Sets.hpp">
      <Filter>Header Files</Filter>
    </ClInclude>
    <ClInclude Include="Math\Numbers\Numbers.hpp">
      <Filter>Header Files</Filter>
    </ClInclude>
    <ClInclude Include="Math\Math.hpp">
      <Filter>Header Files</Filter>
    </ClInclude>
    <ClInclude Include="Memory\Memory.hpp">
      <Filter>Header Files</Filter>
    </ClInclude>
    <ClInclude Include="Random\include\URand.hpp">
      <Filter>Header Files</Filter>
    </ClInclude>
    <ClInclude Include="Random\Random.hpp">
      <Filter>Header Files</Filter>
    </ClInclude>
    <ClInclude Include="Traits\include\Bitwise.hpp">
      <Filter>Header Files</Filter>
    </ClInclude>
    <ClInclude Include="Traits\include\Callable.hpp">
      <Filter>Header Files</Filter>
    </ClInclude>
    <ClInclude Include="Traits\include\Extents.hpp">
      <Filter>Header Files</Filter>
    </ClInclude>
    <ClInclude Include="Traits\include\Formation.hpp">
      <Filter>Header Files</Filter>
    </ClInclude>
    <ClInclude Include="Traits\include\Indirection.hpp">
      <Filter>Header Files</Filter>
    </ClInclude>
    <ClInclude Include="Traits\include\Modification.hpp">
      <Filter>Header Files</Filter>
    </ClInclude>
    <ClInclude Include="Traits\Traits.hpp">
      <Filter>Header Files</Filter>
    </ClInclude>
    <ClInclude Include="Utility\Gfx\include\FullScreenQuad.hpp">
      <Filter>Header Files</Filter>
    </ClInclude>
    <ClInclude Include="Utility\Gfx\include\ResourcePack.hpp">
      <Filter>Header Files</Filter>
    </ClInclude>
    <ClInclude Include="Utility\Gfx\include\SizePack.hpp">
      <Filter>Header Files</Filter>
    </ClInclude>
    <ClInclude Include="Utility\Gfx\Gfx.hpp">
      <Filter>Header Files</Filter>
    </ClInclude>
    <ClInclude Include="Utility\include\Color.hpp">
      <Filter>Header Files</Filter>
    </ClInclude>
    <ClInclude Include="Utility\include\Common.hpp">
      <Filter>Header Files</Filter>
    </ClInclude>
    <ClInclude Include="Utility\include\Surface.hpp">
      <Filter>Header Files</Filter>
    </ClInclude>
    <ClInclude Include="Utility\include\Timer.hpp">
      <Filter>Header Files</Filter>
    </ClInclude>
    <ClInclude Include="Utility\include\ViewXM.hpp">
      <Filter>Header Files</Filter>
    </ClInclude>
    <ClInclude Include="Utility\Utility.hpp">
      <Filter>Header Files</Filter>
    </ClInclude>
    <ClInclude Include="Win32_\COM\include\Manager.hpp">
      <Filter>Header Files</Filter>
    </ClInclude>
    <ClInclude Include="Win32_\COM\COM.hpp">
      <Filter>Header Files</Filter>
    </ClInclude>
    <ClInclude Include="Win32_\D2D\include\Graphics.hpp">
      <Filter>Header Files</Filter>
    </ClInclude>
    <ClInclude Include="Win32_\D2D\D2D.hpp">
      <Filter>Header Files</Filter>
    </ClInclude>
    <ClInclude Include="Win32_\D3D11\include\Graphics.hpp">
      <Filter>Header Files</Filter>
    </ClInclude>
    <ClInclude Include="Win32_\D3D11\Pipeline\Core\include\Rasterizer.hpp">
      <Filter>Header Files</Filter>
    </ClInclude>
    <ClInclude Include="Win32_\D3D11\Pipeline\Core\include\Viewport.hpp">
      <Filter>Header Files</Filter>
    </ClInclude>
    <ClInclude Include="Win32_\D3D11\Pipeline\Element\include\IndexBuffer.hpp">
      <Filter>Header Files</Filter>
    </ClInclude>
    <ClInclude Include="Win32_\D3D11\Pipeline\Element\include\InputLayout.hpp">
      <Filter>Header Files</Filter>
    </ClInclude>
    <ClInclude Include="Win32_\D3D11\Pipeline\Element\include\PixelShader.hpp">
      <Filter>Header Files</Filter>
    </ClInclude>
    <ClInclude Include="Win32_\D3D11\Pipeline\Element\include\Topology.hpp">
      <Filter>Header Files</Filter>
    </ClInclude>
    <ClInclude Include="Win32_\D3D11\Pipeline\Element\include\VertexBuffer.hpp">
      <Filter>Header Files</Filter>
    </ClInclude>
    <ClInclude Include="Win32_\D3D11\Pipeline\Element\include\VertexShader.hpp">
      <Filter>Header Files</Filter>
    </ClInclude>
    <ClInclude Include="Win32_\D3D11\Pipeline\include\Bindable.hpp">
      <Filter>Header Files</Filter>
    </ClInclude>
    <ClInclude Include="Win32_\D3D11\Pipeline\Resource\include\CBuffer.hpp">
      <Filter>Header Files</Filter>
    </ClInclude>
    <ClInclude Include="Win32_\D3D11\Pipeline\Resource\include\DepthStencil.hpp">
      <Filter>Header Files</Filter>
    </ClInclude>
    <ClInclude Include="Win32_\D3D11\Pipeline\Resource\include\PixelCBuffer.hpp">
      <Filter>Header Files</Filter>
    </ClInclude>
    <ClInclude Include="Win32_\D3D11\Pipeline\Resource\include\PixelSBuffer.hpp">
      <Filter>Header Files</Filter>
    </ClInclude>
    <ClInclude Include="Win32_\D3D11\Pipeline\Resource\include\RenderTarget.hpp">
      <Filter>Header Files</Filter>
    </ClInclude>
    <ClInclude Include="Win32_\D3D11\Pipeline\Resource\include\Sampler.hpp">
      <Filter>Header Files</Filter>
    </ClInclude>
    <ClInclude Include="Win32_\D3D11\Pipeline\Resource\include\SBuffer.hpp">
      <Filter>Header Files</Filter>
    </ClInclude>
    <ClInclude Include="Win32_\D3D11\Pipeline\Resource\include\ShaderResource.hpp">
      <Filter>Header Files</Filter>
    </ClInclude>
    <ClInclude Include="Win32_\D3D11\Pipeline\Resource\include\Texture2D.hpp">
      <Filter>Header Files</Filter>
    </ClInclude>
    <ClInclude Include="Win32_\D3D11\Pipeline\Resource\include\TransformCBuffer.hpp">
      <Filter>Header Files</Filter>
    </ClInclude>
    <ClInclude Include="Win32_\D3D11\Pipeline\Resource\include\VertexCBuffer.hpp">
      <Filter>Header Files</Filter>
    </ClInclude>
    <ClInclude Include="Win32_\D3D11\Pipeline\Pipeline.hpp">
      <Filter>Header Files</Filter>
    </ClInclude>
    <ClInclude Include="Win32_\D3D11\D3D11.hpp">
      <Filter>Header Files</Filter>
    </ClInclude>
    <ClInclude Include="Win32_\DXGI\include\Common.hpp">
      <Filter>Header Files</Filter>
    </ClInclude>
    <ClInclude Include="Win32_\DXGI\DXGI.hpp">
      <Filter>Header Files</Filter>
    </ClInclude>
    <ClInclude Include="Win32_\GDI_Plus\include\Manager.hpp">
      <Filter>Header Files</Filter>
    </ClInclude>
    <ClInclude Include="Win32_\GDI_Plus\GDI_Plus.hpp">
      <Filter>Header Files</Filter>
    </ClInclude>
    <ClInclude Include="Win32_\include\Common.hpp">
      <Filter>Header Files</Filter>
    </ClInclude>
    <ClInclude Include="Win32_\include\IWindow.hpp">
      <Filter>Header Files</Filter>
    </ClInclude>
    <ClInclude Include="Win32_\include\WinAPI.hpp">
      <Filter>Header Files</Filter>
    </ClInclude>
    <ClInclude Include="Win32_\include\WinAPI_Settings.hpp">
      <Filter>Header Files</Filter>
    </ClInclude>
    <ClInclude Include="Win32_\include\WindowEx.hpp">
      <Filter>Header Files</Filter>
    </ClInclude>
    <ClInclude Include="Win32_\Win32.hpp">
      <Filter>Header Files</Filter>
    </ClInclude>
    <ClInclude Include="FatLibrary.hpp">
      <Filter>Header Files</Filter>
    </ClInclude>
    <ClInclude Include="_macros\Compiler.hpp">
      <Filter>Header Files</Filter>
    </ClInclude>
    <ClInclude Include="_macros\Experimental.hpp">
      <Filter>Header Files</Filter>
    </ClInclude>
    <ClInclude Include="_macros\Namespaces.hpp">
      <Filter>Header Files</Filter>
    </ClInclude>
    <ClInclude Include="_macros\STL.hpp">
      <Filter>Header Files</Filter>
    </ClInclude>
    <ClInclude Include="Geometry\Shape\Shape.hpp">
      <Filter>Header Files</Filter>
    </ClInclude>
    <ClInclude Include="Random\include\Common.hpp">
      <Filter>Header Files</Filter>
    </ClInclude>
    <ClInclude Include="Math\include\Special.hpp">
      <Filter>Header Files</Filter>
    </ClInclude>
    <ClInclude Include="Bit\include\Common.hpp">
      <Filter>Header Files</Filter>
    </ClInclude>
    <ClInclude Include="File\include\Common.hpp">
      <Filter>Header Files</Filter>
    </ClInclude>
    <ClInclude Include="Memory\include\Common.hpp">
      <Filter>Header Files</Filter>
    </ClInclude>
  </ItemGroup>
  <ItemGroup>
    <ClCompile Include="Graph\src\BFS.cpp">
      <Filter>Source Files</Filter>
    </ClCompile>
    <ClCompile Include="Graph\src\DFS.cpp">
      <Filter>Source Files</Filter>
    </ClCompile>
    <ClCompile Include="Automata\src\CFG.cpp">
      <Filter>Source Files</Filter>
    </ClCompile>
    <ClCompile Include="Automata\src\TLT.cpp">
      <Filter>Source Files</Filter>
    </ClCompile>
    <ClCompile Include="Automata\src\TLT_v2.cpp">
      <Filter>Source Files</Filter>
    </ClCompile>
    <ClCompile Include="Concurrency\src\TaskQueue.cpp">
      <Filter>Source Files</Filter>
    </ClCompile>
    <ClCompile Include="File\src\Common_File.cpp">
      <Filter>Source Files</Filter>
    </ClCompile>
    <ClCompile Include="IO\src\Keyboard.cpp">
      <Filter>Source Files</Filter>
    </ClCompile>
    <ClCompile Include="IO\src\Mouse.cpp">
      <Filter>Source Files</Filter>
    </ClCompile>
    <ClCompile Include="Geometry\src\Common_Geometry.cpp">
      <Filter>Source Files</Filter>
    </ClCompile>
    <ClCompile Include="Memory\src\Common_Memory.cpp">
      <Filter>Source Files</Filter>
    </ClCompile>
    <ClCompile Include="Random\src\URand.cpp">
      <Filter>Source Files</Filter>
    </ClCompile>
    <ClCompile Include="Utility\Gfx\src\FullScreenQuad.cpp">
      <Filter>Source Files</Filter>
    </ClCompile>
    <ClCompile Include="Utility\Gfx\src\ResourcePack.cpp">
      <Filter>Source Files</Filter>
    </ClCompile>
    <ClCompile Include="Utility\src\Common_Utility.cpp">
      <Filter>Source Files</Filter>
    </ClCompile>
    <ClCompile Include="Utility\src\Surface.cpp">
      <Filter>Source Files</Filter>
    </ClCompile>
    <ClCompile Include="Utility\src\ViewXM.cpp">
      <Filter>Source Files</Filter>
    </ClCompile>
    <ClCompile Include="Win32_\COM\src\Manager_COM.cpp">
      <Filter>Source Files</Filter>
    </ClCompile>
    <ClCompile Include="Win32_\D2D\src\Graphics.cpp">
      <Filter>Source Files</Filter>
    </ClCompile>
    <ClCompile Include="Win32_\D3D11\Pipeline\Core\src\Rasterizer.cpp">
      <Filter>Source Files</Filter>
    </ClCompile>
    <ClCompile Include="Win32_\D3D11\Pipeline\Core\src\Viewport.cpp">
      <Filter>Source Files</Filter>
    </ClCompile>
    <ClCompile Include="Win32_\D3D11\Pipeline\Element\src\IndexBuffer.cpp">
      <Filter>Source Files</Filter>
    </ClCompile>
    <ClCompile Include="Win32_\D3D11\Pipeline\Element\src\InputLayout.cpp">
      <Filter>Source Files</Filter>
    </ClCompile>
    <ClCompile Include="Win32_\D3D11\Pipeline\Element\src\PixelShader.cpp">
      <Filter>Source Files</Filter>
    </ClCompile>
    <ClCompile Include="Win32_\D3D11\Pipeline\Element\src\Topology.cpp">
      <Filter>Source Files</Filter>
    </ClCompile>
    <ClCompile Include="Win32_\D3D11\Pipeline\Element\src\VertexBuffer.cpp">
      <Filter>Source Files</Filter>
    </ClCompile>
    <ClCompile Include="Win32_\D3D11\Pipeline\Element\src\VertexShader.cpp">
      <Filter>Source Files</Filter>
    </ClCompile>
    <ClCompile Include="Win32_\D3D11\Pipeline\Resource\src\DepthStencil.cpp">
      <Filter>Source Files</Filter>
    </ClCompile>
    <ClCompile Include="Win32_\D3D11\Pipeline\Resource\src\RenderTarget.cpp">
      <Filter>Source Files</Filter>
    </ClCompile>
    <ClCompile Include="Win32_\D3D11\Pipeline\Resource\src\Sampler.cpp">
      <Filter>Source Files</Filter>
    </ClCompile>
    <ClCompile Include="Win32_\D3D11\Pipeline\Resource\src\ShaderResource.cpp">
      <Filter>Source Files</Filter>
    </ClCompile>
    <ClCompile Include="Win32_\D3D11\Pipeline\Resource\src\Texture2D.cpp">
      <Filter>Source Files</Filter>
    </ClCompile>
    <ClCompile Include="Win32_\DXGI\src\Common_DXGI.cpp">
      <Filter>Source Files</Filter>
    </ClCompile>
    <ClCompile Include="Win32_\GDI_Plus\src\Manager_GDI_Plus.cpp">
      <Filter>Source Files</Filter>
    </ClCompile>
    <ClCompile Include="Win32_\src\Common_Win32.cpp">
      <Filter>Source Files</Filter>
    </ClCompile>
    <ClCompile Include="Win32_\src\IWindow.cpp">
      <Filter>Source Files</Filter>
    </ClCompile>
    <ClCompile Include="Geometry\Shape\src\Circle.cpp">
      <Filter>Source Files</Filter>
    </ClCompile>
    <ClCompile Include="Graph\src\DirectedGraph.cpp">
      <Filter>Source Files</Filter>
    </ClCompile>
  </ItemGroup>
</Project>