<?xml version="1.0" encoding="utf-8"?>
<Project ToolsVersion="4.0" xmlns="http://schemas.microsoft.com/developer/msbuild/2003">
  <ItemGroup>
    <Filter Include="Source Files">
      <UniqueIdentifier>{4FC737F1-C7A5-4376-A066-2A32D752A2FF}</UniqueIdentifier>
      <Extensions>cpp;c;cc;cxx;c++;cppm;ixx;def;odl;idl;hpj;bat;asm;asmx</Extensions>
    </Filter>
    <Filter Include="Header Files">
      <UniqueIdentifier>{93995380-89BD-4b04-88EB-625FBE52EBFB}</UniqueIdentifier>
      <Extensions>h;hh;hpp;hxx;h++;hm;inl;inc;ipp;xsd</Extensions>
    </Filter>
    <Filter Include="Resource Files">
      <UniqueIdentifier>{67DA6AB6-F800-4c08-8B7A-83BB121AAD01}</UniqueIdentifier>
      <Extensions>rc;ico;cur;bmp;dlg;rc2;rct;bin;rgs;gif;jpg;jpeg;jpe;resx;tiff;tif;png;wav;mfcribbon-ms</Extensions>
    </Filter>
  </ItemGroup>
  <ItemGroup>
    <None Include="_props\FatBoost.props" />
    <None Include="_props\FatCpp.props" />
    <None Include="_props\FatCpp_Debug.props" />
    <None Include="_props\FatCpp_Release.props" />
    <None Include="_props\FatCppM.props" />
    <None Include="_props\FatCppM_Debug.props" />
    <None Include="_props\FatCppM_Release.props" />
    <None Include="_props\FatCV4.props" />
    <None Include="_props\FatCV4_Debug.props" />
    <None Include="_props\FatCV4_Release.props" />
    <None Include="_props\FatLibrary.props" />
    <None Include="_props\FatLibraryM.props" />
    <None Include="_props\FatZMQ.props" />
    <None Include="_props\FatZMQ_Debug.props" />
    <None Include="_props\FatZMQ_Release.props" />
    <None Include="FatRules.ruleset" />
    <None Include="FatLibrary.cd" />
  </ItemGroup>
  <ItemGroup>
    <ClInclude Include="Automata\Automata.hpp">
      <Filter>Header Files</Filter>
    </ClInclude>
    <ClInclude Include="Automata\CFG.hpp">
      <Filter>Header Files</Filter>
    </ClInclude>
    <ClInclude Include="Automata\TLT.hpp">
      <Filter>Header Files</Filter>
    </ClInclude>
    <ClInclude Include="Automata\TLT_v2.hpp">
      <Filter>Header Files</Filter>
    </ClInclude>
    <ClInclude Include="Concurrency\Concurrency.hpp">
      <Filter>Header Files</Filter>
    </ClInclude>
    <ClInclude Include="Concurrency\TaskQueue.hpp">
      <Filter>Header Files</Filter>
    </ClInclude>
    <ClInclude Include="DSA\LinkedList\Doubly.hpp">
      <Filter>Header Files</Filter>
    </ClInclude>
    <ClInclude Include="DSA\LinkedList\DoublyCircular.hpp">
      <Filter>Header Files</Filter>
    </ClInclude>
    <ClInclude Include="DSA\LinkedList\LinkedList.hpp">
      <Filter>Header Files</Filter>
    </ClInclude>
    <ClInclude Include="DSA\LinkedList\Singly.hpp">
      <Filter>Header Files</Filter>
    </ClInclude>
    <ClInclude Include="DSA\LinkedList\SinglyCircular.hpp">
      <Filter>Header Files</Filter>
    </ClInclude>
    <ClInclude Include="DSA\Tree\Binary\AVL.hpp">
      <Filter>Header Files</Filter>
    </ClInclude>
    <ClInclude Include="DSA\Tree\Binary\Binary.hpp">
      <Filter>Header Files</Filter>
    </ClInclude>
    <ClInclude Include="DSA\Tree\Binary\BST.hpp">
      <Filter>Header Files</Filter>
    </ClInclude>
    <ClInclude Include="DSA\Tree\Binary\IPR.hpp">
      <Filter>Header Files</Filter>
    </ClInclude>
    <ClInclude Include="DSA\Tree\N_ary\B.hpp">
      <Filter>Header Files</Filter>
    </ClInclude>
    <ClInclude Include="DSA\Tree\N_ary\B_Plus.hpp">
      <Filter>Header Files</Filter>
    </ClInclude>
    <ClInclude Include="DSA\Tree\N_ary\N_ary.hpp">
      <Filter>Header Files</Filter>
    </ClInclude>
    <ClInclude Include="DSA\Tree\Tree.hpp">
      <Filter>Header Files</Filter>
    </ClInclude>
    <ClInclude Include="DSA\DSA.hpp">
      <Filter>Header Files</Filter>
    </ClInclude>
    <ClInclude Include="IO\IO.hpp">
      <Filter>Header Files</Filter>
    </ClInclude>
    <ClInclude Include="IO\Keyboard.hpp">
      <Filter>Header Files</Filter>
    </ClInclude>
    <ClInclude Include="IO\KeyEvent.hpp">
      <Filter>Header Files</Filter>
    </ClInclude>
    <ClInclude Include="IO\Mouse.hpp">
      <Filter>Header Files</Filter>
    </ClInclude>
    <ClInclude Include="IO\MouseEvent.hpp">
      <Filter>Header Files</Filter>
    </ClInclude>
    <ClInclude Include="Math\Numset\Numset.hpp">
      <Filter>Header Files</Filter>
    </ClInclude>
    <ClInclude Include="Math\Numset\Rational.hpp">
      <Filter>Header Files</Filter>
    </ClInclude>
    <ClInclude Include="Math\Math.hpp">
      <Filter>Header Files</Filter>
    </ClInclude>
    <ClInclude Include="Math\Multiplicable.hpp">
      <Filter>Header Files</Filter>
    </ClInclude>
    <ClInclude Include="Math\RectF.hpp">
      <Filter>Header Files</Filter>
    </ClInclude>
    <ClInclude Include="Memory\Memory.hpp">
      <Filter>Header Files</Filter>
    </ClInclude>
    <ClInclude Include="Util\Gfx\FullScreenQuad.hpp">
      <Filter>Header Files</Filter>
    </ClInclude>
    <ClInclude Include="Util\Gfx\Gfx.hpp">
      <Filter>Header Files</Filter>
    </ClInclude>
    <ClInclude Include="Util\Gfx\ResourcePack.hpp">
      <Filter>Header Files</Filter>
    </ClInclude>
    <ClInclude Include="Util\Color.hpp">
      <Filter>Header Files</Filter>
    </ClInclude>
    <ClInclude Include="Util\ScreenSizeInfo.hpp">
      <Filter>Header Files</Filter>
    </ClInclude>
    <ClInclude Include="Util\Surface.hpp">
      <Filter>Header Files</Filter>
    </ClInclude>
    <ClInclude Include="Util\Timer.hpp">
      <Filter>Header Files</Filter>
    </ClInclude>
    <ClInclude Include="Util\Util.hpp">
      <Filter>Header Files</Filter>
    </ClInclude>
    <ClInclude Include="Util\ViewXM.hpp">
      <Filter>Header Files</Filter>
    </ClInclude>
    <ClInclude Include="Win32_\COM\COM.hpp">
      <Filter>Header Files</Filter>
    </ClInclude>
    <ClInclude Include="Win32_\COM\Manager.hpp">
      <Filter>Header Files</Filter>
    </ClInclude>
    <ClInclude Include="Win32_\D2D\D2D.hpp">
      <Filter>Header Files</Filter>
    </ClInclude>
    <ClInclude Include="Win32_\D2D\Graphics.hpp">
      <Filter>Header Files</Filter>
    </ClInclude>
    <ClInclude Include="Win32_\D3D11\Pipeline\Element\Element.hpp">
      <Filter>Header Files</Filter>
    </ClInclude>
    <ClInclude Include="Win32_\D3D11\Pipeline\Element\IndexBuffer.hpp">
      <Filter>Header Files</Filter>
    </ClInclude>
    <ClInclude Include="Win32_\D3D11\Pipeline\Element\InputLayout.hpp">
      <Filter>Header Files</Filter>
    </ClInclude>
    <ClInclude Include="Win32_\D3D11\Pipeline\Element\PixelShader.hpp">
      <Filter>Header Files</Filter>
    </ClInclude>
    <ClInclude Include="Win32_\D3D11\Pipeline\Element\Topology.hpp">
      <Filter>Header Files</Filter>
    </ClInclude>
    <ClInclude Include="Win32_\D3D11\Pipeline\Element\VertexBuffer.hpp">
      <Filter>Header Files</Filter>
    </ClInclude>
    <ClInclude Include="Win32_\D3D11\Pipeline\Element\VertexShader.hpp">
      <Filter>Header Files</Filter>
    </ClInclude>
    <ClInclude Include="Win32_\D3D11\Pipeline\Resource\CBuffer.hpp">
      <Filter>Header Files</Filter>
    </ClInclude>
    <ClInclude Include="Win32_\D3D11\Pipeline\Resource\PixelCBuffer.hpp">
      <Filter>Header Files</Filter>
    </ClInclude>
    <ClInclude Include="Win32_\D3D11\Pipeline\Resource\PixelSBuffer.hpp">
      <Filter>Header Files</Filter>
    </ClInclude>
    <ClInclude Include="Win32_\D3D11\Pipeline\Resource\Resource.hpp">
      <Filter>Header Files</Filter>
    </ClInclude>
    <ClInclude Include="Win32_\D3D11\Pipeline\Resource\SBuffer.hpp">
      <Filter>Header Files</Filter>
    </ClInclude>
    <ClInclude Include="Win32_\D3D11\Pipeline\Resource\TransformCBuffer.hpp">
      <Filter>Header Files</Filter>
    </ClInclude>
    <ClInclude Include="Win32_\D3D11\Pipeline\Resource\VertexCBuffer.hpp">
      <Filter>Header Files</Filter>
    </ClInclude>
    <ClInclude Include="Win32_\D3D11\Pipeline\Bindable.hpp">
      <Filter>Header Files</Filter>
    </ClInclude>
    <ClInclude Include="Win32_\D3D11\Pipeline\Pipeline.hpp">
      <Filter>Header Files</Filter>
    </ClInclude>
    <ClInclude Include="Win32_\D3D11\Pipeline\StaticBindableVec.hpp">
      <Filter>Header Files</Filter>
    </ClInclude>
    <ClInclude Include="Win32_\D3D11\Visual\Drawable.hpp">
      <Filter>Header Files</Filter>
    </ClInclude>
    <ClInclude Include="Win32_\D3D11\Visual\DrawableBase.hpp">
      <Filter>Header Files</Filter>
    </ClInclude>
    <ClInclude Include="Win32_\D3D11\Visual\Visual.hpp">
      <Filter>Header Files</Filter>
    </ClInclude>
    <ClInclude Include="Win32_\D3D11\D3D11.hpp">
      <Filter>Header Files</Filter>
    </ClInclude>
    <ClInclude Include="Win32_\D3D11\Graphics.hpp">
      <Filter>Header Files</Filter>
    </ClInclude>
    <ClInclude Include="Win32_\GDI_Plus\GDI_Plus.hpp">
      <Filter>Header Files</Filter>
    </ClInclude>
    <ClInclude Include="Win32_\GDI_Plus\Manager.hpp">
      <Filter>Header Files</Filter>
    </ClInclude>
    <ClInclude Include="Win32_\WMF\Manager.hpp">
      <Filter>Header Files</Filter>
    </ClInclude>
    <ClInclude Include="Win32_\WMF\WMF.hpp">
      <Filter>Header Files</Filter>
    </ClInclude>
    <ClInclude Include="Win32_\FatWin32.hpp">
      <Filter>Header Files</Filter>
    </ClInclude>
    <ClInclude Include="Win32_\FatWin32_Settings.hpp">
      <Filter>Header Files</Filter>
    </ClInclude>
    <ClInclude Include="Win32_\IWindow.hpp">
      <Filter>Header Files</Filter>
    </ClInclude>
    <ClInclude Include="Win32_\MessageMap.hpp">
      <Filter>Header Files</Filter>
    </ClInclude>
    <ClInclude Include="Win32_\Win32_.hpp">
      <Filter>Header Files</Filter>
    </ClInclude>
    <ClInclude Include="Win32_\WindowEx.hpp">
      <Filter>Header Files</Filter>
    </ClInclude>
    <ClInclude Include="Win32_\WndClassEx.hpp">
      <Filter>Header Files</Filter>
    </ClInclude>
    <ClInclude Include="FatFrameworkMacros.hpp">
      <Filter>Header Files</Filter>
    </ClInclude>
    <ClInclude Include="FatLibrary.hpp">
      <Filter>Header Files</Filter>
    </ClInclude>
    <ClInclude Include="FatNamespaces.hpp">
      <Filter>Header Files</Filter>
    </ClInclude>
    <ClInclude Include="Win32_\D3D11\Pipeline\Resource\Texture2D.hpp">
      <Filter>Header Files</Filter>
    </ClInclude>
    <ClInclude Include="Win32_\D3D11\Pipeline\Resource\Sampler.hpp">
      <Filter>Header Files</Filter>
    </ClInclude>
    <ClInclude Include="Win32_\D3D11\Pipeline\Resource\Texture2D_SRV.hpp">
      <Filter>Header Files</Filter>
    </ClInclude>
  </ItemGroup>
  <ItemGroup>
    <ClCompile Include="Automata\CFG.cpp">
      <Filter>Source Files</Filter>
    </ClCompile>
    <ClCompile Include="Automata\TLT.cpp">
      <Filter>Source Files</Filter>
    </ClCompile>
    <ClCompile Include="Automata\TLT_v2.cpp">
      <Filter>Source Files</Filter>
    </ClCompile>
    <ClCompile Include="Concurrency\TaskQueue.cpp">
      <Filter>Source Files</Filter>
    </ClCompile>
    <ClCompile Include="IO\Keyboard.cpp">
      <Filter>Source Files</Filter>
    </ClCompile>
    <ClCompile Include="IO\Mouse.cpp">
      <Filter>Source Files</Filter>
    </ClCompile>
    <ClCompile Include="Math\Math.cpp">
      <Filter>Source Files</Filter>
    </ClCompile>
    <ClCompile Include="Util\Gfx\Gfx.cpp">
      <Filter>Source Files</Filter>
    </ClCompile>
    <ClCompile Include="Util\Surface.cpp">
      <Filter>Source Files</Filter>
    </ClCompile>
    <ClCompile Include="Util\ViewXM.cpp">
      <Filter>Source Files</Filter>
    </ClCompile>
  </ItemGroup>
  <ItemGroup>
    <FxCompile Include="Win32_\D3D11\Shader\PSFrameBuffer.hlsl" />
    <FxCompile Include="Win32_\D3D11\Shader\VSFrameBuffer.hlsl" />
  </ItemGroup>
</Project>